Microsoft Visual Studio Solution File, Format Version 12.00
# Visual Studio Version 17
VisualStudioVersion = 17.4.33205.214
MinimumVisualStudioVersion = 16.0.0.0
Project("{2150E333-8FDC-42A3-9474-1A3956D46DE8}") = "Solution Items", "Solution Items", "{AC76D9AC-35FD-4820-9C23-BDD491656283}"
	ProjectSection(SolutionItems) = preProject
		.editorconfig = .editorconfig
		GlobalSuppressions.cs = GlobalSuppressions.cs
		GlobalUsing.cs = GlobalUsing.cs
		icd_v1_7_0.pdf = icd_v1_7_0.pdf
	EndProjectSection
EndProject
Project("{2150E333-8FDC-42A3-9474-1A3956D46DE8}") = "Builder", "Builder", "{316E51CD-13AD-44D2-8666-E5219E232250}"
	ProjectSection(SolutionItems) = preProject
		BuildDBScript\JsonToExcel.xlsx = BuildDBScript\JsonToExcel.xlsx
	EndProjectSection
EndProject
Project("{9A19103F-16F7-4668-BE54-9A1E7A4F7556}") = "BuildDBScript", "BuildDBScript\BuildDBScript.csproj", "{5A425AD7-AFE5-4340-A245-E5F78602B911}"
EndProject
Project("{2150E333-8FDC-42A3-9474-1A3956D46DE8}") = "Blazor", "Blazor", "{E5F33527-5244-400D-9604-FF597DF42C63}"
EndProject
Project("{2150E333-8FDC-42A3-9474-1A3956D46DE8}") = "Common", "Common", "{525AB690-33A3-4B19-98EB-21792EF5596B}"
EndProject
Project("{9A19103F-16F7-4668-BE54-9A1E7A4F7556}") = "SnnbDB", "SnnbDB\SnnbDB.csproj", "{8D33E657-32D2-438A-9BAD-12BDB8B0D140}"
EndProject
Project("{9A19103F-16F7-4668-BE54-9A1E7A4F7556}") = "Extensions", "Extensions\Extensions.csproj", "{44C65D21-143B-400F-8C6C-3E948C8E4860}"
EndProject
Project("{9A19103F-16F7-4668-BE54-9A1E7A4F7556}") = "TextToRest", "TextToRest\TextToRest.csproj", "{FF6A3F35-08D7-4C3D-9C3F-FD32C5B852C2}"
EndProject
Project("{9A19103F-16F7-4668-BE54-9A1E7A4F7556}") = "Failover.Client", "Blazor\Client\Failover.Client.csproj", "{B938A5A6-36F9-4583-903C-4B7E42D44CDA}"
	ProjectSection(ProjectDependencies) = postProject
		{44C65D21-143B-400F-8C6C-3E948C8E4860} = {44C65D21-143B-400F-8C6C-3E948C8E4860}
		{8D33E657-32D2-438A-9BAD-12BDB8B0D140} = {8D33E657-32D2-438A-9BAD-12BDB8B0D140}
	EndProjectSection
EndProject
Project("{9A19103F-16F7-4668-BE54-9A1E7A4F7556}") = "Failover.Server", "Blazor\Server\Failover.Server.csproj", "{02BA601E-6519-4446-A405-15899B53B6A7}"
EndProject
Project("{9A19103F-16F7-4668-BE54-9A1E7A4F7556}") = "CommandTest", "CommandTest\CommandTest.csproj", "{720335A8-8922-4B12-B995-80C918C07EA1}"
EndProject
Project("{9A19103F-16F7-4668-BE54-9A1E7A4F7556}") = "CollectorService", "CollectorService\CollectorService.csproj", "{4208BC5D-7C4B-4E2A-9979-6AE0C5066CB4}"
EndProject
Global
	GlobalSection(SolutionConfigurationPlatforms) = preSolution
		Debug|Any CPU = Debug|Any CPU
		Debug|x64 = Debug|x64
		Debug|x86 = Debug|x86
		Release|Any CPU = Release|Any CPU
		Release|x64 = Release|x64
		Release|x86 = Release|x86
	EndGlobalSection
	GlobalSection(ProjectConfigurationPlatforms) = postSolution
		{5A425AD7-AFE5-4340-A245-E5F78602B911}.Debug|Any CPU.ActiveCfg = Debug|Any CPU
		{5A425AD7-AFE5-4340-A245-E5F78602B911}.Debug|Any CPU.Build.0 = Debug|Any CPU
		{5A425AD7-AFE5-4340-A245-E5F78602B911}.Debug|x64.ActiveCfg = Debug|Any CPU
		{5A425AD7-AFE5-4340-A245-E5F78602B911}.Debug|x64.Build.0 = Debug|Any CPU
		{5A425AD7-AFE5-4340-A245-E5F78602B911}.Debug|x86.ActiveCfg = Debug|Any CPU
		{5A425AD7-AFE5-4340-A245-E5F78602B911}.Debug|x86.Build.0 = Debug|Any CPU
		{5A425AD7-AFE5-4340-A245-E5F78602B911}.Release|Any CPU.ActiveCfg = Release|Any CPU
		{5A425AD7-AFE5-4340-A245-E5F78602B911}.Release|Any CPU.Build.0 = Release|Any CPU
		{5A425AD7-AFE5-4340-A245-E5F78602B911}.Release|x64.ActiveCfg = Release|Any CPU
		{5A425AD7-AFE5-4340-A245-E5F78602B911}.Release|x64.Build.0 = Release|Any CPU
		{5A425AD7-AFE5-4340-A245-E5F78602B911}.Release|x86.ActiveCfg = Release|Any CPU
		{5A425AD7-AFE5-4340-A245-E5F78602B911}.Release|x86.Build.0 = Release|Any CPU
		{8D33E657-32D2-438A-9BAD-12BDB8B0D140}.Debug|Any CPU.ActiveCfg = Debug|Any CPU
		{8D33E657-32D2-438A-9BAD-12BDB8B0D140}.Debug|Any CPU.Build.0 = Debug|Any CPU
		{8D33E657-32D2-438A-9BAD-12BDB8B0D140}.Debug|x64.ActiveCfg = Debug|Any CPU
		{8D33E657-32D2-438A-9BAD-12BDB8B0D140}.Debug|x64.Build.0 = Debug|Any CPU
		{8D33E657-32D2-438A-9BAD-12BDB8B0D140}.Debug|x86.ActiveCfg = Debug|Any CPU
		{8D33E657-32D2-438A-9BAD-12BDB8B0D140}.Debug|x86.Build.0 = Debug|Any CPU
		{8D33E657-32D2-438A-9BAD-12BDB8B0D140}.Release|Any CPU.ActiveCfg = Release|Any CPU
		{8D33E657-32D2-438A-9BAD-12BDB8B0D140}.Release|Any CPU.Build.0 = Release|Any CPU
		{8D33E657-32D2-438A-9BAD-12BDB8B0D140}.Release|x64.ActiveCfg = Release|Any CPU
		{8D33E657-32D2-438A-9BAD-12BDB8B0D140}.Release|x64.Build.0 = Release|Any CPU
		{8D33E657-32D2-438A-9BAD-12BDB8B0D140}.Release|x86.ActiveCfg = Release|Any CPU
		{8D33E657-32D2-438A-9BAD-12BDB8B0D140}.Release|x86.Build.0 = Release|Any CPU
		{44C65D21-143B-400F-8C6C-3E948C8E4860}.Debug|Any CPU.ActiveCfg = Debug|Any CPU
		{44C65D21-143B-400F-8C6C-3E948C8E4860}.Debug|Any CPU.Build.0 = Debug|Any CPU
		{44C65D21-143B-400F-8C6C-3E948C8E4860}.Debug|x64.ActiveCfg = Debug|Any CPU
		{44C65D21-143B-400F-8C6C-3E948C8E4860}.Debug|x64.Build.0 = Debug|Any CPU
		{44C65D21-143B-400F-8C6C-3E948C8E4860}.Debug|x86.ActiveCfg = Debug|Any CPU
		{44C65D21-143B-400F-8C6C-3E948C8E4860}.Debug|x86.Build.0 = Debug|Any CPU
		{44C65D21-143B-400F-8C6C-3E948C8E4860}.Release|Any CPU.ActiveCfg = Release|Any CPU
		{44C65D21-143B-400F-8C6C-3E948C8E4860}.Release|Any CPU.Build.0 = Release|Any CPU
		{44C65D21-143B-400F-8C6C-3E948C8E4860}.Release|x64.ActiveCfg = Release|Any CPU
		{44C65D21-143B-400F-8C6C-3E948C8E4860}.Release|x64.Build.0 = Release|Any CPU
		{44C65D21-143B-400F-8C6C-3E948C8E4860}.Release|x86.ActiveCfg = Release|Any CPU
		{44C65D21-143B-400F-8C6C-3E948C8E4860}.Release|x86.Build.0 = Release|Any CPU
		{FF6A3F35-08D7-4C3D-9C3F-FD32C5B852C2}.Debug|Any CPU.ActiveCfg = Debug|Any CPU
		{FF6A3F35-08D7-4C3D-9C3F-FD32C5B852C2}.Debug|Any CPU.Build.0 = Debug|Any CPU
		{FF6A3F35-08D7-4C3D-9C3F-FD32C5B852C2}.Debug|x64.ActiveCfg = Debug|Any CPU
		{FF6A3F35-08D7-4C3D-9C3F-FD32C5B852C2}.Debug|x64.Build.0 = Debug|Any CPU
		{FF6A3F35-08D7-4C3D-9C3F-FD32C5B852C2}.Debug|x86.ActiveCfg = Debug|Any CPU
		{FF6A3F35-08D7-4C3D-9C3F-FD32C5B852C2}.Debug|x86.Build.0 = Debug|Any CPU
		{FF6A3F35-08D7-4C3D-9C3F-FD32C5B852C2}.Release|Any CPU.ActiveCfg = Release|Any CPU
		{FF6A3F35-08D7-4C3D-9C3F-FD32C5B852C2}.Release|Any CPU.Build.0 = Release|Any CPU
		{FF6A3F35-08D7-4C3D-9C3F-FD32C5B852C2}.Release|x64.ActiveCfg = Release|Any CPU
		{FF6A3F35-08D7-4C3D-9C3F-FD32C5B852C2}.Release|x64.Build.0 = Release|Any CPU
		{FF6A3F35-08D7-4C3D-9C3F-FD32C5B852C2}.Release|x86.ActiveCfg = Release|Any CPU
		{FF6A3F35-08D7-4C3D-9C3F-FD32C5B852C2}.Release|x86.Build.0 = Release|Any CPU
		{B938A5A6-36F9-4583-903C-4B7E42D44CDA}.Debug|Any CPU.ActiveCfg = Debug|Any CPU
		{B938A5A6-36F9-4583-903C-4B7E42D44CDA}.Debug|Any CPU.Build.0 = Debug|Any CPU
		{B938A5A6-36F9-4583-903C-4B7E42D44CDA}.Debug|x64.ActiveCfg = Debug|Any CPU
		{B938A5A6-36F9-4583-903C-4B7E42D44CDA}.Debug|x64.Build.0 = Debug|Any CPU
		{B938A5A6-36F9-4583-903C-4B7E42D44CDA}.Debug|x86.ActiveCfg = Debug|Any CPU
		{B938A5A6-36F9-4583-903C-4B7E42D44CDA}.Debug|x86.Build.0 = Debug|Any CPU
		{B938A5A6-36F9-4583-903C-4B7E42D44CDA}.Release|Any CPU.ActiveCfg = Release|Any CPU
		{B938A5A6-36F9-4583-903C-4B7E42D44CDA}.Release|Any CPU.Build.0 = Release|Any CPU
		{B938A5A6-36F9-4583-903C-4B7E42D44CDA}.Release|x64.ActiveCfg = Release|Any CPU
		{B938A5A6-36F9-4583-903C-4B7E42D44CDA}.Release|x64.Build.0 = Release|Any CPU
		{B938A5A6-36F9-4583-903C-4B7E42D44CDA}.Release|x86.ActiveCfg = Release|Any CPU
		{B938A5A6-36F9-4583-903C-4B7E42D44CDA}.Release|x86.Build.0 = Release|Any CPU
		{02BA601E-6519-4446-A405-15899B53B6A7}.Debug|Any CPU.ActiveCfg = Debug|Any CPU
		{02BA601E-6519-4446-A405-15899B53B6A7}.Debug|Any CPU.Build.0 = Debug|Any CPU
		{02BA601E-6519-4446-A405-15899B53B6A7}.Debug|x64.ActiveCfg = Debug|Any CPU
		{02BA601E-6519-4446-A405-15899B53B6A7}.Debug|x64.Build.0 = Debug|Any CPU
		{02BA601E-6519-4446-A405-15899B53B6A7}.Debug|x86.ActiveCfg = Debug|Any CPU
		{02BA601E-6519-4446-A405-15899B53B6A7}.Debug|x86.Build.0 = Debug|Any CPU
		{02BA601E-6519-4446-A405-15899B53B6A7}.Release|Any CPU.ActiveCfg = Release|Any CPU
		{02BA601E-6519-4446-A405-15899B53B6A7}.Release|Any CPU.Build.0 = Release|Any CPU
		{02BA601E-6519-4446-A405-15899B53B6A7}.Release|x64.ActiveCfg = Release|Any CPU
		{02BA601E-6519-4446-A405-15899B53B6A7}.Release|x64.Build.0 = Release|Any CPU
		{02BA601E-6519-4446-A405-15899B53B6A7}.Release|x86.ActiveCfg = Release|Any CPU
		{02BA601E-6519-4446-A405-15899B53B6A7}.Release|x86.Build.0 = Release|Any CPU
		{720335A8-8922-4B12-B995-80C918C07EA1}.Debug|Any CPU.ActiveCfg = Debug|Any CPU
		{720335A8-8922-4B12-B995-80C918C07EA1}.Debug|Any CPU.Build.0 = Debug|Any CPU
		{720335A8-8922-4B12-B995-80C918C07EA1}.Debug|x64.ActiveCfg = Debug|Any CPU
		{720335A8-8922-4B12-B995-80C918C07EA1}.Debug|x64.Build.0 = Debug|Any CPU
		{720335A8-8922-4B12-B995-80C918C07EA1}.Debug|x86.ActiveCfg = Debug|Any CPU
		{720335A8-8922-4B12-B995-80C918C07EA1}.Debug|x86.Build.0 = Debug|Any CPU
		{720335A8-8922-4B12-B995-80C918C07EA1}.Release|Any CPU.ActiveCfg = Release|Any CPU
		{720335A8-8922-4B12-B995-80C918C07EA1}.Release|Any CPU.Build.0 = Release|Any CPU
		{720335A8-8922-4B12-B995-80C918C07EA1}.Release|x64.ActiveCfg = Release|Any CPU
		{720335A8-8922-4B12-B995-80C918C07EA1}.Release|x64.Build.0 = Release|Any CPU
		{720335A8-8922-4B12-B995-80C918C07EA1}.Release|x86.ActiveCfg = Release|Any CPU
		{720335A8-8922-4B12-B995-80C918C07EA1}.Release|x86.Build.0 = Release|Any CPU
		{4208BC5D-7C4B-4E2A-9979-6AE0C5066CB4}.Debug|Any CPU.ActiveCfg = Debug|Any CPU
		{4208BC5D-7C4B-4E2A-9979-6AE0C5066CB4}.Debug|Any CPU.Build.0 = Debug|Any CPU
		{4208BC5D-7C4B-4E2A-9979-6AE0C5066CB4}.Debug|x64.ActiveCfg = Debug|Any CPU
		{4208BC5D-7C4B-4E2A-9979-6AE0C5066CB4}.Debug|x64.Build.0 = Debug|Any CPU
		{4208BC5D-7C4B-4E2A-9979-6AE0C5066CB4}.Debug|x86.ActiveCfg = Debug|Any CPU
		{4208BC5D-7C4B-4E2A-9979-6AE0C5066CB4}.Debug|x86.Build.0 = Debug|Any CPU
		{4208BC5D-7C4B-4E2A-9979-6AE0C5066CB4}.Release|Any CPU.ActiveCfg = Release|Any CPU
		{4208BC5D-7C4B-4E2A-9979-6AE0C5066CB4}.Release|Any CPU.Build.0 = Release|Any CPU
		{4208BC5D-7C4B-4E2A-9979-6AE0C5066CB4}.Release|x64.ActiveCfg = Release|Any CPU
		{4208BC5D-7C4B-4E2A-9979-6AE0C5066CB4}.Release|x64.Build.0 = Release|Any CPU
		{4208BC5D-7C4B-4E2A-9979-6AE0C5066CB4}.Release|x86.ActiveCfg = Release|Any CPU
		{4208BC5D-7C4B-4E2A-9979-6AE0C5066CB4}.Release|x86.Build.0 = Release|Any CPU
	EndGlobalSection
	GlobalSection(SolutionProperties) = preSolution
		HideSolutionNode = FALSE
	EndGlobalSection
	GlobalSection(NestedProjects) = preSolution
		{5A425AD7-AFE5-4340-A245-E5F78602B911} = {316E51CD-13AD-44D2-8666-E5219E232250}
		{8D33E657-32D2-438A-9BAD-12BDB8B0D140} = {525AB690-33A3-4B19-98EB-21792EF5596B}
		{44C65D21-143B-400F-8C6C-3E948C8E4860} = {525AB690-33A3-4B19-98EB-21792EF5596B}
		{FF6A3F35-08D7-4C3D-9C3F-FD32C5B852C2} = {316E51CD-13AD-44D2-8666-E5219E232250}
		{B938A5A6-36F9-4583-903C-4B7E42D44CDA} = {E5F33527-5244-400D-9604-FF597DF42C63}
		{02BA601E-6519-4446-A405-15899B53B6A7} = {E5F33527-5244-400D-9604-FF597DF42C63}
		{720335A8-8922-4B12-B995-80C918C07EA1} = {316E51CD-13AD-44D2-8666-E5219E232250}
	EndGlobalSection
	GlobalSection(ExtensibilityGlobals) = postSolution
		SolutionGuid = {CEDE740A-4E5B-401D-B480-EC63B9FBC04B}
	EndGlobalSection
EndGlobal
