Microsoft Visual Studio Solution File, Format Version 12.00
# Visual Studio Version 17
VisualStudioVersion = 17.4.33205.214
MinimumVisualStudioVersion = 16.0.0.0
Project("{9A19103F-16F7-4668-BE54-9A1E7A4F7556}") = "SnnbFailover.Server", "Server\SnnbFailover.Server.csproj", "{F73A7BD2-E56C-4598-985B-491762254BCD}"
EndProject
Project("{9A19103F-16F7-4668-BE54-9A1E7A4F7556}") = "SnnbFailover.Client", "Client\SnnbFailover.Client.csproj", "{9BD361AA-986E-4468-937A-02AB55EA46DE}"
EndProject
Project("{9A19103F-16F7-4668-BE54-9A1E7A4F7556}") = "SnnbFailover.Shared", "Shared\SnnbFailover.Shared.csproj", "{AEEB06AC-EBE7-4AC9-9201-158E5845F4FF}"
EndProject
Project("{2150E333-8FDC-42A3-9474-1A3956D46DE8}") = "Solution Items", "Solution Items", "{AC76D9AC-35FD-4820-9C23-BDD491656283}"
	ProjectSection(SolutionItems) = preProject
		.editorconfig = .editorconfig
	EndProjectSection
EndProject
Project("{2150E333-8FDC-42A3-9474-1A3956D46DE8}") = "Builder", "Builder", "{316E51CD-13AD-44D2-8666-E5219E232250}"
EndProject
Project("{FAE04EC0-301F-11D3-BF4B-00C04F79EFBC}") = "BuildDBScript", "BuildDBScript\BuildDBScript.csproj", "{5A425AD7-AFE5-4340-A245-E5F78602B911}"
EndProject
Global
	GlobalSection(SolutionConfigurationPlatforms) = preSolution
		Debug|Any CPU = Debug|Any CPU
		Debug|x64 = Debug|x64
		Debug|x86 = Debug|x86
		Release|Any CPU = Release|Any CPU
		Release|x64 = Release|x64
		Release|x86 = Release|x86
	EndGlobalSection
	GlobalSection(ProjectConfigurationPlatforms) = postSolution
		{F73A7BD2-E56C-4598-985B-491762254BCD}.Debug|Any CPU.ActiveCfg = Debug|Any CPU
		{F73A7BD2-E56C-4598-985B-491762254BCD}.Debug|Any CPU.Build.0 = Debug|Any CPU
		{F73A7BD2-E56C-4598-985B-491762254BCD}.Debug|x64.ActiveCfg = Debug|Any CPU
		{F73A7BD2-E56C-4598-985B-491762254BCD}.Debug|x64.Build.0 = Debug|Any CPU
		{F73A7BD2-E56C-4598-985B-491762254BCD}.Debug|x86.ActiveCfg = Debug|Any CPU
		{F73A7BD2-E56C-4598-985B-491762254BCD}.Debug|x86.Build.0 = Debug|Any CPU
		{F73A7BD2-E56C-4598-985B-491762254BCD}.Release|Any CPU.ActiveCfg = Release|Any CPU
		{F73A7BD2-E56C-4598-985B-491762254BCD}.Release|Any CPU.Build.0 = Release|Any CPU
		{F73A7BD2-E56C-4598-985B-491762254BCD}.Release|x64.ActiveCfg = Release|Any CPU
		{F73A7BD2-E56C-4598-985B-491762254BCD}.Release|x64.Build.0 = Release|Any CPU
		{F73A7BD2-E56C-4598-985B-491762254BCD}.Release|x86.ActiveCfg = Release|Any CPU
		{F73A7BD2-E56C-4598-985B-491762254BCD}.Release|x86.Build.0 = Release|Any CPU
		{9BD361AA-986E-4468-937A-02AB55EA46DE}.Debug|Any CPU.ActiveCfg = Debug|Any CPU
		{9BD361AA-986E-4468-937A-02AB55EA46DE}.Debug|Any CPU.Build.0 = Debug|Any CPU
		{9BD361AA-986E-4468-937A-02AB55EA46DE}.Debug|x64.ActiveCfg = Debug|Any CPU
		{9BD361AA-986E-4468-937A-02AB55EA46DE}.Debug|x64.Build.0 = Debug|Any CPU
		{9BD361AA-986E-4468-937A-02AB55EA46DE}.Debug|x86.ActiveCfg = Debug|Any CPU
		{9BD361AA-986E-4468-937A-02AB55EA46DE}.Debug|x86.Build.0 = Debug|Any CPU
		{9BD361AA-986E-4468-937A-02AB55EA46DE}.Release|Any CPU.ActiveCfg = Release|Any CPU
		{9BD361AA-986E-4468-937A-02AB55EA46DE}.Release|Any CPU.Build.0 = Release|Any CPU
		{9BD361AA-986E-4468-937A-02AB55EA46DE}.Release|x64.ActiveCfg = Release|Any CPU
		{9BD361AA-986E-4468-937A-02AB55EA46DE}.Release|x64.Build.0 = Release|Any CPU
		{9BD361AA-986E-4468-937A-02AB55EA46DE}.Release|x86.ActiveCfg = Release|Any CPU
		{9BD361AA-986E-4468-937A-02AB55EA46DE}.Release|x86.Build.0 = Release|Any CPU
		{AEEB06AC-EBE7-4AC9-9201-158E5845F4FF}.Debug|Any CPU.ActiveCfg = Debug|Any CPU
		{AEEB06AC-EBE7-4AC9-9201-158E5845F4FF}.Debug|Any CPU.Build.0 = Debug|Any CPU
		{AEEB06AC-EBE7-4AC9-9201-158E5845F4FF}.Debug|x64.ActiveCfg = Debug|Any CPU
		{AEEB06AC-EBE7-4AC9-9201-158E5845F4FF}.Debug|x64.Build.0 = Debug|Any CPU
		{AEEB06AC-EBE7-4AC9-9201-158E5845F4FF}.Debug|x86.ActiveCfg = Debug|Any CPU
		{AEEB06AC-EBE7-4AC9-9201-158E5845F4FF}.Debug|x86.Build.0 = Debug|Any CPU
		{AEEB06AC-EBE7-4AC9-9201-158E5845F4FF}.Release|Any CPU.ActiveCfg = Release|Any CPU
		{AEEB06AC-EBE7-4AC9-9201-158E5845F4FF}.Release|Any CPU.Build.0 = Release|Any CPU
		{AEEB06AC-EBE7-4AC9-9201-158E5845F4FF}.Release|x64.ActiveCfg = Release|Any CPU
		{AEEB06AC-EBE7-4AC9-9201-158E5845F4FF}.Release|x64.Build.0 = Release|Any CPU
		{AEEB06AC-EBE7-4AC9-9201-158E5845F4FF}.Release|x86.ActiveCfg = Release|Any CPU
		{AEEB06AC-EBE7-4AC9-9201-158E5845F4FF}.Release|x86.Build.0 = Release|Any CPU
		{5A425AD7-AFE5-4340-A245-E5F78602B911}.Debug|Any CPU.ActiveCfg = Debug|Any CPU
		{5A425AD7-AFE5-4340-A245-E5F78602B911}.Debug|Any CPU.Build.0 = Debug|Any CPU
		{5A425AD7-AFE5-4340-A245-E5F78602B911}.Debug|x64.ActiveCfg = Debug|Any CPU
		{5A425AD7-AFE5-4340-A245-E5F78602B911}.Debug|x64.Build.0 = Debug|Any CPU
		{5A425AD7-AFE5-4340-A245-E5F78602B911}.Debug|x86.ActiveCfg = Debug|Any CPU
		{5A425AD7-AFE5-4340-A245-E5F78602B911}.Debug|x86.Build.0 = Debug|Any CPU
		{5A425AD7-AFE5-4340-A245-E5F78602B911}.Release|Any CPU.ActiveCfg = Release|Any CPU
		{5A425AD7-AFE5-4340-A245-E5F78602B911}.Release|Any CPU.Build.0 = Release|Any CPU
		{5A425AD7-AFE5-4340-A245-E5F78602B911}.Release|x64.ActiveCfg = Release|Any CPU
		{5A425AD7-AFE5-4340-A245-E5F78602B911}.Release|x64.Build.0 = Release|Any CPU
		{5A425AD7-AFE5-4340-A245-E5F78602B911}.Release|x86.ActiveCfg = Release|Any CPU
		{5A425AD7-AFE5-4340-A245-E5F78602B911}.Release|x86.Build.0 = Release|Any CPU
	EndGlobalSection
	GlobalSection(SolutionProperties) = preSolution
		HideSolutionNode = FALSE
	EndGlobalSection
	GlobalSection(NestedProjects) = preSolution
		{5A425AD7-AFE5-4340-A245-E5F78602B911} = {316E51CD-13AD-44D2-8666-E5219E232250}
	EndGlobalSection
	GlobalSection(ExtensibilityGlobals) = postSolution
		SolutionGuid = {CEDE740A-4E5B-401D-B480-EC63B9FBC04B}
	EndGlobalSection
EndGlobal
