
Microsoft Visual Studio Solution File, Format Version 12.00
# Visual Studio Version 17
VisualStudioVersion = 17.6.33815.320
MinimumVisualStudioVersion = 10.0.40219.1
Project("{9A19103F-16F7-4668-BE54-9A1E7A4F7556}") = "SnnbFailover.Server", "Server\SnnbFailover.Server.csproj", "{0D5C864D-7CF6-42D1-B951-F5826B1626C3}"
EndProject
Project("{9A19103F-16F7-4668-BE54-9A1E7A4F7556}") = "SnnbFailover.Client", "Client\SnnbFailover.Client.csproj", "{DB8EB312-4C29-4CCF-B46E-417583D23D3B}"
EndProject
Global
	GlobalSection(SolutionConfigurationPlatforms) = preSolution
		Debug|Any CPU = Debug|Any CPU
		Release|Any CPU = Release|Any CPU
	EndGlobalSection
	GlobalSection(ProjectConfigurationPlatforms) = postSolution
		{0D5C864D-7CF6-42D1-B951-F5826B1626C3}.Debug|Any CPU.ActiveCfg = Debug|Any CPU
		{0D5C864D-7CF6-42D1-B951-F5826B1626C3}.Debug|Any CPU.Build.0 = Debug|Any CPU
		{0D5C864D-7CF6-42D1-B951-F5826B1626C3}.Release|Any CPU.ActiveCfg = Release|Any CPU
		{0D5C864D-7CF6-42D1-B951-F5826B1626C3}.Release|Any CPU.Build.0 = Release|Any CPU
		{DB8EB312-4C29-4CCF-B46E-417583D23D3B}.Debug|Any CPU.ActiveCfg = Debug|Any CPU
		{DB8EB312-4C29-4CCF-B46E-417583D23D3B}.Debug|Any CPU.Build.0 = Debug|Any CPU
		{DB8EB312-4C29-4CCF-B46E-417583D23D3B}.Release|Any CPU.ActiveCfg = Release|Any CPU
		{DB8EB312-4C29-4CCF-B46E-417583D23D3B}.Release|Any CPU.Build.0 = Release|Any CPU
	EndGlobalSection
	GlobalSection(SolutionProperties) = preSolution
		HideSolutionNode = FALSE
	EndGlobalSection
	GlobalSection(ExtensibilityGlobals) = postSolution
		SolutionGuid = {A2AB9A5C-A042-4577-A257-ADEFFCE98D1E}
	EndGlobalSection
EndGlobal
